PODS:
  - AlgoTester (0.0.1)

DEPENDENCIES:
  - "AlgoTester (from `git@github.com:gulyaboyko/OTUS_ALGO.git`)"

EXTERNAL SOURCES:
  AlgoTester:
    :git: "git@github.com:gulyaboyko/OTUS_ALGO.git"

CHECKOUT OPTIONS:
  AlgoTester:
    :commit: 88d744146abcb2318cdd9166d7ffeac0ee98c519
    :git: "git@github.com:gulyaboyko/OTUS_ALGO.git"

SPEC CHECKSUMS:
  AlgoTester: 8ae6e78c01dfcf2e62849354d7aef4d3f8f74d5e

PODFILE CHECKSUM: 4895d6a4702f8c74d899d84187c6c8bdccdbf284

COCOAPODS: 1.7.5
